PODS:
  - Discount (2.1.5a)
  - GRMustache (7.0.2):
    - JRSwizzle (~> 1.0)
  - JRSwizzle (1.0)
  - ParseKit (0.0.0.2010.4.29):
    - RegexKitLite (~> 4.0.1)
  - RegexKitLite (4.0.6)

DEPENDENCIES:
  - Discount (from `Specs/Discount.podspec`)
  - GRMustache (~> 7.0.2)
  - ParseKit (from `Specs/ParseKit.podspec`)
  - RegexKitLite (from `https://github.com/inquisitiveSoft/RegexKitLite.git`)

EXTERNAL SOURCES:
  Discount:
    :podspec: Specs/Discount.podspec
  ParseKit:
    :podspec: Specs/ParseKit.podspec
  RegexKitLite:
    :git: https://github.com/inquisitiveSoft/RegexKitLite.git

CHECKOUT OPTIONS:
  RegexKitLite:
    :commit: 36f80a54abbb11db1200cb0d901f56c0f38d9451
    :git: https://github.com/inquisitiveSoft/RegexKitLite.git

SPEC CHECKSUMS:
  Discount: 2a100efef8ec69e3c59a9ab5a20cdec3d179e93c
  GRMustache: a724bfb0ac23c8f88a6388df9c7d73bc26e7005c
  JRSwizzle: dd5ead5d913a0f29e7f558200165849f006bb1e3
  ParseKit: 92f20b0017e23dd3c418e648169a13b8aa26bc24
  RegexKitLite: 185a6b9d126b14e3e1f4df7570a50a3b3e27a036

PODFILE CHECKSUM: 1ef840d61fc722c5a2dadeb6663f2b4f7c040e02

COCOAPODS: 1.0.0.beta.8
