// !$*UTF8*$!
{
	archiveVersion = 1;
	classes = {
	};
	objectVersion = 46;
	objects = {

/* Begin PBXBuildFile section */
		7317FAB6150F52D500B39CFD /* SenTestingKit.framework in Frameworks */ = {isa = PBXBuildFile; fileRef = 7317FAB5150F52D500B39CFD /* SenTestingKit.framework */; };
		7317FAB8150F534100B39CFD /* Cocoa.framework in Frameworks */ = {isa = PBXBuildFile; fileRef = 7317FAB7150F534100B39CFD /* Cocoa.framework */; };
		7317FAC3150F556800B39CFD /* TestCaseBase.m in Sources */ = {isa = PBXBuildFile; fileRef = 7317FAC2150F556800B39CFD /* TestCaseBase.m */; };
		7317FAC4150F56A500B39CFD /* Logging.m in Sources */ = {isa = PBXBuildFile; fileRef = 73ED9445150E9FEC0032FD07 /* Logging.m */; };
		7317FAC5150F56A800B39CFD /* Appledoc.m in Sources */ = {isa = PBXBuildFile; fileRef = 73D274DD150E0D60004D27F4 /* Appledoc.m */; };
		7317FACE150F633900B39CFD /* SettingsTests.m in Sources */ = {isa = PBXBuildFile; fileRef = 7317FACD150F633900B39CFD /* SettingsTests.m */; };
		7317FAD9150F65EE00B39CFD /* OCHamcrest.framework in Frameworks */ = {isa = PBXBuildFile; fileRef = 7317FAD8150F65EE00B39CFD /* OCHamcrest.framework */; };
		7317FADB150F67E500B39CFD /* OCHamcrest.framework in CopyFiles */ = {isa = PBXBuildFile; fileRef = 7317FAD8150F65EE00B39CFD /* OCHamcrest.framework */; };
		73280F28150FE48700D1E6E8 /* Settings+Appledoc.m in Sources */ = {isa = PBXBuildFile; fileRef = 73280F27150FE48700D1E6E8 /* Settings+Appledoc.m */; };
		73280F29150FE48700D1E6E8 /* Settings+Appledoc.m in Sources */ = {isa = PBXBuildFile; fileRef = 73280F27150FE48700D1E6E8 /* Settings+Appledoc.m */; };
		73280F321510989600D1E6E8 /* AppledocTests.m in Sources */ = {isa = PBXBuildFile; fileRef = 73280F311510989600D1E6E8 /* AppledocTests.m */; };
		734849E91511F7870031EF85 /* GBOptionsHelper.m in Sources */ = {isa = PBXBuildFile; fileRef = 734849E61511F7870031EF85 /* GBOptionsHelper.m */; };
		734849EA1511F7870031EF85 /* GBOptionsHelper.m in Sources */ = {isa = PBXBuildFile; fileRef = 734849E61511F7870031EF85 /* GBOptionsHelper.m */; };
		734849EB1511F7870031EF85 /* GBSettings.m in Sources */ = {isa = PBXBuildFile; fileRef = 734849E81511F7870031EF85 /* GBSettings.m */; };
		734849EC1511F7870031EF85 /* GBSettings.m in Sources */ = {isa = PBXBuildFile; fileRef = 734849E81511F7870031EF85 /* GBSettings.m */; };
		734849EF1511F79F0031EF85 /* GBCommandLineParser.m in Sources */ = {isa = PBXBuildFile; fileRef = 734849EE1511F79F0031EF85 /* GBCommandLineParser.m */; };
		734849F01511F79F0031EF85 /* GBCommandLineParser.m in Sources */ = {isa = PBXBuildFile; fileRef = 734849EE1511F79F0031EF85 /* GBCommandLineParser.m */; };
		739704641510CEFD00486507 /* DDCliUtil.m in Sources */ = {isa = PBXBuildFile; fileRef = 73D274D4150E08FE004D27F4 /* DDCliUtil.m */; settings = {COMPILER_FLAGS = "-fno-objc-arc"; }; };
		739C11B01515320C004D139B /* Extensions.m in Sources */ = {isa = PBXBuildFile; fileRef = 739C11AF1515320C004D139B /* Extensions.m */; };
		739C11B11515320C004D139B /* Extensions.m in Sources */ = {isa = PBXBuildFile; fileRef = 739C11AF1515320C004D139B /* Extensions.m */; };
		73D274B2150E05DA004D27F4 /* Foundation.framework in Frameworks */ = {isa = PBXBuildFile; fileRef = 73D274B1150E05DA004D27F4 /* Foundation.framework */; };
		73D274B5150E05DA004D27F4 /* main.m in Sources */ = {isa = PBXBuildFile; fileRef = 73D274B4150E05DA004D27F4 /* main.m */; };
		73D274DA150E08FE004D27F4 /* DDCliUtil.m in Sources */ = {isa = PBXBuildFile; fileRef = 73D274D4150E08FE004D27F4 /* DDCliUtil.m */; settings = {COMPILER_FLAGS = "-fno-objc-arc"; }; };
		73D274DE150E0D60004D27F4 /* Appledoc.m in Sources */ = {isa = PBXBuildFile; fileRef = 73D274DD150E0D60004D27F4 /* Appledoc.m */; };
		73ED9446150E9FEC0032FD07 /* Logging.m in Sources */ = {isa = PBXBuildFile; fileRef = 73ED9445150E9FEC0032FD07 /* Logging.m */; };
/* End PBXBuildFile section */

/* Begin PBXCopyFilesBuildPhase section */
		7317FADA150F67D900B39CFD /* CopyFiles */ = {
			isa = PBXCopyFilesBuildPhase;
			buildActionMask = 2147483647;
			dstPath = "";
			dstSubfolderSpec = 16;
			files = (
				7317FADB150F67E500B39CFD /* OCHamcrest.framework in CopyFiles */,
			);
			runOnlyForDeploymentPostprocessing = 0;
		};
		73D274AB150E05DA004D27F4 /* CopyFiles */ = {
			isa = PBXCopyFilesBuildPhase;
			buildActionMask = 2147483647;
			dstPath = /usr/share/man/man1/;
			dstSubfolderSpec = 0;
			files = (
			);
			runOnlyForDeploymentPostprocessing = 1;
		};
/* End PBXCopyFilesBuildPhase section */

/* Begin PBXFileReference section */
		7317FA9A150F51FD00B39CFD /* AppledocTests.octest */ = {isa = PBXFileReference; explicitFileType = wrapper.cfbundle; includeInIndex = 0; path = AppledocTests.octest; sourceTree = BUILT_PRODUCTS_DIR; };
		7317FAB5150F52D500B39CFD /* SenTestingKit.framework */ = {isa = PBXFileReference; lastKnownFileType = wrapper.framework; name = SenTestingKit.framework; path = Library/Frameworks/SenTestingKit.framework; sourceTree = DEVELOPER_DIR; };
		7317FAB7150F534100B39CFD /* Cocoa.framework */ = {isa = PBXFileReference; lastKnownFileType = wrapper.framework; name = Cocoa.framework; path = System/Library/Frameworks/Cocoa.framework; sourceTree = SDKROOT; };
		7317FABB150F544400B39CFD /* AppledocTests-Info.plist */ = {isa = PBXFileReference; fileEncoding = 4; lastKnownFileType = text.plist.xml; path = "AppledocTests-Info.plist"; sourceTree = "<group>"; };
		7317FABC150F544400B39CFD /* AppledocTests-Prefix.pch */ = {isa = PBXFileReference; fileEncoding = 4; lastKnownFileType = sourcecode.c.h; path = "AppledocTests-Prefix.pch"; sourceTree = "<group>"; };
		7317FAC1150F556800B39CFD /* TestCaseBase.h */ = {isa = PBXFileReference; fileEncoding = 4; lastKnownFileType = sourcecode.c.h; path = TestCaseBase.h; sourceTree = "<group>"; };
		7317FAC2150F556800B39CFD /* TestCaseBase.m */ = {isa = PBXFileReference; fileEncoding = 4; lastKnownFileType = sourcecode.c.objc; path = TestCaseBase.m; sourceTree = "<group>"; };
		7317FACD150F633900B39CFD /* SettingsTests.m */ = {isa = PBXFileReference; fileEncoding = 4; lastKnownFileType = sourcecode.c.objc; path = SettingsTests.m; sourceTree = "<group>"; };
		7317FAD8150F65EE00B39CFD /* OCHamcrest.framework */ = {isa = PBXFileReference; lastKnownFileType = wrapper.framework; name = OCHamcrest.framework; path = AppledocTests/Libraries/OCHamcrest.framework; sourceTree = "<group>"; };
		731F83DA15109D5F00112FD1 /* Objects+TestingPrivateAPI.h */ = {isa = PBXFileReference; fileEncoding = 4; lastKnownFileType = sourcecode.c.h; path = "Objects+TestingPrivateAPI.h"; sourceTree = "<group>"; };
		73280F26150FE48700D1E6E8 /* Settings+Appledoc.h */ = {isa = PBXFileReference; fileEncoding = 4; lastKnownFileType = sourcecode.c.h; path = "Settings+Appledoc.h"; sourceTree = "<group>"; };
		73280F27150FE48700D1E6E8 /* Settings+Appledoc.m */ = {isa = PBXFileReference; fileEncoding = 4; lastKnownFileType = sourcecode.c.objc; path = "Settings+Appledoc.m"; sourceTree = "<group>"; };
		73280F311510989600D1E6E8 /* AppledocTests.m */ = {isa = PBXFileReference; fileEncoding = 4; lastKnownFileType = sourcecode.c.objc; path = AppledocTests.m; sourceTree = "<group>"; };
		734849E51511F7870031EF85 /* GBOptionsHelper.h */ = {isa = PBXFileReference; fileEncoding = 4; lastKnownFileType = sourcecode.c.h; path = GBOptionsHelper.h; sourceTree = "<group>"; };
		734849E61511F7870031EF85 /* GBOptionsHelper.m */ = {isa = PBXFileReference; fileEncoding = 4; lastKnownFileType = sourcecode.c.objc; path = GBOptionsHelper.m; sourceTree = "<group>"; };
		734849E71511F7870031EF85 /* GBSettings.h */ = {isa = PBXFileReference; fileEncoding = 4; lastKnownFileType = sourcecode.c.h; path = GBSettings.h; sourceTree = "<group>"; };
		734849E81511F7870031EF85 /* GBSettings.m */ = {isa = PBXFileReference; fileEncoding = 4; lastKnownFileType = sourcecode.c.objc; path = GBSettings.m; sourceTree = "<group>"; };
		734849ED1511F79F0031EF85 /* GBCommandLineParser.h */ = {isa = PBXFileReference; fileEncoding = 4; lastKnownFileType = sourcecode.c.h; path = GBCommandLineParser.h; sourceTree = "<group>"; };
		734849EE1511F79F0031EF85 /* GBCommandLineParser.m */ = {isa = PBXFileReference; fileEncoding = 4; lastKnownFileType = sourcecode.c.objc; path = GBCommandLineParser.m; sourceTree = "<group>"; };
		7397046A1511283300486507 /* AppledocInfo.h */ = {isa = PBXFileReference; fileEncoding = 4; lastKnownFileType = sourcecode.c.h; path = AppledocInfo.h; sourceTree = SOURCE_ROOT; };
		739C11AE1515320C004D139B /* Extensions.h */ = {isa = PBXFileReference; fileEncoding = 4; lastKnownFileType = sourcecode.c.h; path = Extensions.h; sourceTree = "<group>"; };
		739C11AF1515320C004D139B /* Extensions.m */ = {isa = PBXFileReference; fileEncoding = 4; lastKnownFileType = sourcecode.c.objc; path = Extensions.m; sourceTree = "<group>"; };
		73D274AD150E05DA004D27F4 /* appledoc */ = {isa = PBXFileReference; explicitFileType = "compiled.mach-o.executable"; includeInIndex = 0; path = appledoc; sourceTree = BUILT_PRODUCTS_DIR; };
		73D274B1150E05DA004D27F4 /* Foundation.framework */ = {isa = PBXFileReference; lastKnownFileType = wrapper.framework; name = Foundation.framework; path = System/Library/Frameworks/Foundation.framework; sourceTree = SDKROOT; };
		73D274B4150E05DA004D27F4 /* main.m */ = {isa = PBXFileReference; lastKnownFileType = sourcecode.c.objc; path = main.m; sourceTree = "<group>"; };
		73D274B7150E05DA004D27F4 /* appledoc-Prefix.pch */ = {isa = PBXFileReference; lastKnownFileType = sourcecode.c.h; path = "appledoc-Prefix.pch"; sourceTree = "<group>"; };
		73D274D3150E08FE004D27F4 /* DDCliUtil.h */ = {isa = PBXFileReference; fileEncoding = 4; lastKnownFileType = sourcecode.c.h; path = DDCliUtil.h; sourceTree = "<group>"; };
		73D274D4150E08FE004D27F4 /* DDCliUtil.m */ = {isa = PBXFileReference; fileEncoding = 4; lastKnownFileType = sourcecode.c.objc; path = DDCliUtil.m; sourceTree = "<group>"; };
		73D274DC150E0D60004D27F4 /* Appledoc.h */ = {isa = PBXFileReference; fileEncoding = 4; lastKnownFileType = sourcecode.c.h; path = Appledoc.h; sourceTree = "<group>"; };
		73D274DD150E0D60004D27F4 /* Appledoc.m */ = {isa = PBXFileReference; fileEncoding = 4; lastKnownFileType = sourcecode.c.objc; path = Appledoc.m; sourceTree = "<group>"; };
		73ED9444150E9FEC0032FD07 /* Logging.h */ = {isa = PBXFileReference; fileEncoding = 4; lastKnownFileType = sourcecode.c.h; path = Logging.h; sourceTree = "<group>"; };
		73ED9445150E9FEC0032FD07 /* Logging.m */ = {isa = PBXFileReference; fileEncoding = 4; lastKnownFileType = sourcecode.c.objc; path = Logging.m; sourceTree = "<group>"; };
		73ED944C150F3CF40032FD07 /* Objects.h */ = {isa = PBXFileReference; fileEncoding = 4; lastKnownFileType = sourcecode.c.h; path = Objects.h; sourceTree = "<group>"; };
/* End PBXFileReference section */

/* Begin PBXFrameworksBuildPhase section */
		7317FA96150F51FD00B39CFD /* Frameworks */ = {
			isa = PBXFrameworksBuildPhase;
			buildActionMask = 2147483647;
			files = (
				7317FAB8150F534100B39CFD /* Cocoa.framework in Frameworks */,
				7317FAB6150F52D500B39CFD /* SenTestingKit.framework in Frameworks */,
				7317FAD9150F65EE00B39CFD /* OCHamcrest.framework in Frameworks */,
			);
			runOnlyForDeploymentPostprocessing = 0;
		};
		73D274AA150E05DA004D27F4 /* Frameworks */ = {
			isa = PBXFrameworksBuildPhase;
			buildActionMask = 2147483647;
			files = (
				73D274B2150E05DA004D27F4 /* Foundation.framework in Frameworks */,
			);
			runOnlyForDeploymentPostprocessing = 0;
		};
/* End PBXFrameworksBuildPhase section */

/* Begin PBXGroup section */
		7317FAA3150F51FD00B39CFD /* AppledocTests */ = {
			isa = PBXGroup;
			children = (
				7317FACB150F630F00B39CFD /* Common */,
				73280F2F1510987200D1E6E8 /* Application */,
				7317FAC0150F551600B39CFD /* Testing Base */,
				7317FAA4150F51FD00B39CFD /* Supporting Files */,
			);
			path = AppledocTests;
			sourceTree = "<group>";
		};
		7317FAA4150F51FD00B39CFD /* Supporting Files */ = {
			isa = PBXGroup;
			children = (
				7317FABB150F544400B39CFD /* AppledocTests-Info.plist */,
				7317FABC150F544400B39CFD /* AppledocTests-Prefix.pch */,
			);
			name = "Supporting Files";
			sourceTree = "<group>";
		};
		7317FAC0150F551600B39CFD /* Testing Base */ = {
			isa = PBXGroup;
			children = (
				7317FAC1150F556800B39CFD /* TestCaseBase.h */,
				7317FAC2150F556800B39CFD /* TestCaseBase.m */,
				731F83DA15109D5F00112FD1 /* Objects+TestingPrivateAPI.h */,
			);
			name = "Testing Base";
			path = TestingBase;
			sourceTree = "<group>";
		};
		7317FACB150F630F00B39CFD /* Common */ = {
			isa = PBXGroup;
			children = (
				7317FACD150F633900B39CFD /* SettingsTests.m */,
			);
			path = Common;
			sourceTree = "<group>";
		};
		73280F2F1510987200D1E6E8 /* Application */ = {
			isa = PBXGroup;
			children = (
				73280F311510989600D1E6E8 /* AppledocTests.m */,
			);
			path = Application;
			sourceTree = "<group>";
		};
		734849E41511F7230031EF85 /* GBCli */ = {
			isa = PBXGroup;
			children = (
				734849ED1511F79F0031EF85 /* GBCommandLineParser.h */,
				734849EE1511F79F0031EF85 /* GBCommandLineParser.m */,
				734849E71511F7870031EF85 /* GBSettings.h */,
				734849E81511F7870031EF85 /* GBSettings.m */,
				734849E51511F7870031EF85 /* GBOptionsHelper.h */,
				734849E61511F7870031EF85 /* GBOptionsHelper.m */,
			);
			path = GBCli;
			sourceTree = "<group>";
		};
		73D274A2150E05DA004D27F4 = {
			isa = PBXGroup;
			children = (
				73D274B3150E05DA004D27F4 /* appledoc */,
				7317FAA3150F51FD00B39CFD /* AppledocTests */,
				73D274CD150E08C4004D27F4 /* Third Party */,
				73D274B0150E05DA004D27F4 /* Frameworks & Libraries */,
				73D274AE150E05DA004D27F4 /* Products */,
			);
			sourceTree = "<group>";
		};
		73D274AE150E05DA004D27F4 /* Products */ = {
			isa = PBXGroup;
			children = (
				73D274AD150E05DA004D27F4 /* appledoc */,
				7317FA9A150F51FD00B39CFD /* AppledocTests.octest */,
			);
			name = Products;
			sourceTree = "<group>";
		};
		73D274B0150E05DA004D27F4 /* Frameworks & Libraries */ = {
			isa = PBXGroup;
			children = (
				73D274B1150E05DA004D27F4 /* Foundation.framework */,
				7317FAB7150F534100B39CFD /* Cocoa.framework */,
				7317FAB5150F52D500B39CFD /* SenTestingKit.framework */,
				7317FAD8150F65EE00B39CFD /* OCHamcrest.framework */,
			);
			name = "Frameworks & Libraries";
			sourceTree = "<group>";
		};
		73D274B3150E05DA004D27F4 /* appledoc */ = {
			isa = PBXGroup;
			children = (
				73ED9443150E9FD00032FD07 /* Common */,
				73D274CC150E08AA004D27F4 /* Application */,
				73D274B6150E05DA004D27F4 /* Supporting Files */,
			);
			path = appledoc;
			sourceTree = "<group>";
		};
		73D274B6150E05DA004D27F4 /* Supporting Files */ = {
			isa = PBXGroup;
			children = (
				73D274B4150E05DA004D27F4 /* main.m */,
				73D274B7150E05DA004D27F4 /* appledoc-Prefix.pch */,
			);
			name = "Supporting Files";
			sourceTree = "<group>";
		};
		73D274CC150E08AA004D27F4 /* Application */ = {
			isa = PBXGroup;
			children = (
				73D274DC150E0D60004D27F4 /* Appledoc.h */,
				73D274DD150E0D60004D27F4 /* Appledoc.m */,
			);
			path = Application;
			sourceTree = "<group>";
		};
		73D274CD150E08C4004D27F4 /* Third Party */ = {
			isa = PBXGroup;
			children = (
				734849E41511F7230031EF85 /* GBCli */,
				73D274CE150E08E4004D27F4 /* DDCli */,
			);
			name = "Third Party";
			path = ThirdParty;
			sourceTree = "<group>";
		};
		73D274CE150E08E4004D27F4 /* DDCli */ = {
			isa = PBXGroup;
			children = (
				73D274D3150E08FE004D27F4 /* DDCliUtil.h */,
				73D274D4150E08FE004D27F4 /* DDCliUtil.m */,
			);
			path = DDCli;
			sourceTree = "<group>";
		};
		73ED9443150E9FD00032FD07 /* Common */ = {
			isa = PBXGroup;
			children = (
				7397046A1511283300486507 /* AppledocInfo.h */,
				73ED944C150F3CF40032FD07 /* Objects.h */,
				73ED9444150E9FEC0032FD07 /* Logging.h */,
				73ED9445150E9FEC0032FD07 /* Logging.m */,
				739C11AE1515320C004D139B /* Extensions.h */,
				739C11AF1515320C004D139B /* Extensions.m */,
				73280F26150FE48700D1E6E8 /* Settings+Appledoc.h */,
				73280F27150FE48700D1E6E8 /* Settings+Appledoc.m */,
			);
			path = Common;
			sourceTree = "<group>";
		};
/* End PBXGroup section */

/* Begin PBXNativeTarget section */
		7317FA99150F51FD00B39CFD /* AppledocTests */ = {
			isa = PBXNativeTarget;
			buildConfigurationList = 7317FAAF150F51FE00B39CFD /* Build configuration list for PBXNativeTarget "AppledocTests" */;
			buildPhases = (
				7317FA95150F51FD00B39CFD /* Sources */,
				7317FA96150F51FD00B39CFD /* Frameworks */,
				7317FADA150F67D900B39CFD /* CopyFiles */,
				7317FA98150F51FD00B39CFD /* ShellScript */,
			);
			buildRules = (
			);
			dependencies = (
			);
			name = AppledocTests;
			productName = AppledocTests;
			productReference = 7317FA9A150F51FD00B39CFD /* AppledocTests.octest */;
			productType = "com.apple.product-type.bundle";
		};
		73D274AC150E05DA004D27F4 /* appledoc */ = {
			isa = PBXNativeTarget;
			buildConfigurationList = 73D274BC150E05DA004D27F4 /* Build configuration list for PBXNativeTarget "appledoc" */;
			buildPhases = (
				739704691511264900486507 /* Prepare tool name, version and build number */,
				73D274A9150E05DA004D27F4 /* Sources */,
				73D274AA150E05DA004D27F4 /* Frameworks */,
				73D274AB150E05DA004D27F4 /* CopyFiles */,
			);
			buildRules = (
			);
			dependencies = (
			);
			name = appledoc;
			productName = appledoc;
			productReference = 73D274AD150E05DA004D27F4 /* appledoc */;
			productType = "com.apple.product-type.tool";
		};
/* End PBXNativeTarget section */

/* Begin PBXProject section */
		73D274A4150E05DA004D27F4 /* Project object */ = {
			isa = PBXProject;
			attributes = {
				LastUpgradeCheck = 0430;
				ORGANIZATIONNAME = "Tomaz Kragelj";
			};
			buildConfigurationList = 73D274A7150E05DA004D27F4 /* Build configuration list for PBXProject "appledoc" */;
			compatibilityVersion = "Xcode 3.2";
			developmentRegion = English;
			hasScannedForEncodings = 0;
			knownRegions = (
				en,
			);
			mainGroup = 73D274A2150E05DA004D27F4;
			productRefGroup = 73D274AE150E05DA004D27F4 /* Products */;
			projectDirPath = "";
			projectRoot = "";
			targets = (
				73D274AC150E05DA004D27F4 /* appledoc */,
				7317FA99150F51FD00B39CFD /* AppledocTests */,
			);
		};
/* End PBXProject section */

/* Begin PBXShellScriptBuildPhase section */
		7317FA98150F51FD00B39CFD /* ShellScript */ = {
			isa = PBXShellScriptBuildPhase;
			buildActionMask = 2147483647;
			files = (
			);
			inputPaths = (
			);
			outputPaths = (
			);
			runOnlyForDeploymentPostprocessing = 0;
			shellPath = /bin/sh;
			shellScript = "# Run the unit tests in this test bundle.\n\"${SYSTEM_DEVELOPER_DIR}/Tools/RunUnitTests\"\n";
		};
		739704691511264900486507 /* Prepare tool name, version and build number */ = {
			isa = PBXShellScriptBuildPhase;
			buildActionMask = 2147483647;
			files = (
			);
			inputPaths = (
			);
			name = "Prepare tool name, version and build number";
			outputPaths = (
			);
			runOnlyForDeploymentPostprocessing = 0;
			shellPath = /bin/sh;
			shellScript = "git=`sh /etc/profile; which git`\nversion=`$git describe --abbrev=0 --tags`\ncount=`$git rev-list --all |wc -l`\necho -e \"#define GB_APPLEDOC_VERSION @\\\"$version\\\"\\n#define GB_APPLEDOC_BUILD [NSString stringWithFormat:@\\\"%lu\\\", $count]\" > AppledocInfo.h";
		};
/* End PBXShellScriptBuildPhase section */

/* Begin PBXSourcesBuildPhase section */
		7317FA95150F51FD00B39CFD /* Sources */ = {
			isa = PBXSourcesBuildPhase;
			buildActionMask = 2147483647;
			files = (
				739704641510CEFD00486507 /* DDCliUtil.m in Sources */,
				7317FAC3150F556800B39CFD /* TestCaseBase.m in Sources */,
				7317FAC4150F56A500B39CFD /* Logging.m in Sources */,
				7317FAC5150F56A800B39CFD /* Appledoc.m in Sources */,
				7317FACE150F633900B39CFD /* SettingsTests.m in Sources */,
				73280F29150FE48700D1E6E8 /* Settings+Appledoc.m in Sources */,
				73280F321510989600D1E6E8 /* AppledocTests.m in Sources */,
				734849EA1511F7870031EF85 /* GBOptionsHelper.m in Sources */,
				734849EC1511F7870031EF85 /* GBSettings.m in Sources */,
				734849F01511F79F0031EF85 /* GBCommandLineParser.m in Sources */,
				739C11B11515320C004D139B /* Extensions.m in Sources */,
			);
			runOnlyForDeploymentPostprocessing = 0;
		};
		73D274A9150E05DA004D27F4 /* Sources */ = {
			isa = PBXSourcesBuildPhase;
			buildActionMask = 2147483647;
			files = (
				73D274B5150E05DA004D27F4 /* main.m in Sources */,
				73D274DA150E08FE004D27F4 /* DDCliUtil.m in Sources */,
				73D274DE150E0D60004D27F4 /* Appledoc.m in Sources */,
				73ED9446150E9FEC0032FD07 /* Logging.m in Sources */,
				73280F28150FE48700D1E6E8 /* Settings+Appledoc.m in Sources */,
				734849E91511F7870031EF85 /* GBOptionsHelper.m in Sources */,
				734849EB1511F7870031EF85 /* GBSettings.m in Sources */,
				734849EF1511F79F0031EF85 /* GBCommandLineParser.m in Sources */,
				739C11B01515320C004D139B /* Extensions.m in Sources */,
			);
			runOnlyForDeploymentPostprocessing = 0;
		};
/* End PBXSourcesBuildPhase section */

/* Begin XCBuildConfiguration section */
		7317FAAD150F51FE00B39CFD /* Debug */ = {
			isa = XCBuildConfiguration;
			buildSettings = {
				BUNDLE_LOADER = "";
				FRAMEWORK_SEARCH_PATHS = (
					"$(DEVELOPER_LIBRARY_DIR)/Frameworks",
					"\"$(SRCROOT)/AppledocTests/Libraries\"",
				);
				GCC_PRECOMPILE_PREFIX_HEADER = YES;
				GCC_PREFIX_HEADER = "AppledocTests/AppledocTests-Prefix.pch";
				INFOPLIST_FILE = "AppledocTests/AppledocTests-Info.plist";
				PRODUCT_NAME = "$(TARGET_NAME)";
				WRAPPER_EXTENSION = octest;
			};
			name = Debug;
		};
		7317FAAE150F51FE00B39CFD /* Release */ = {
			isa = XCBuildConfiguration;
			buildSettings = {
				BUNDLE_LOADER = "";
				FRAMEWORK_SEARCH_PATHS = (
					"$(DEVELOPER_LIBRARY_DIR)/Frameworks",
					"\"$(SRCROOT)/AppledocTests/Libraries\"",
				);
				GCC_PRECOMPILE_PREFIX_HEADER = YES;
				GCC_PREFIX_HEADER = "AppledocTests/AppledocTests-Prefix.pch";
				INFOPLIST_FILE = "AppledocTests/AppledocTests-Info.plist";
				PRODUCT_NAME = "$(TARGET_NAME)";
				WRAPPER_EXTENSION = octest;
			};
			name = Release;
		};
		73D274BA150E05DA004D27F4 /* Debug */ = {
			isa = XCBuildConfiguration;
			buildSettings = {
				ALWAYS_SEARCH_USER_PATHS = NO;
				ARCHS = "$(ARCHS_STANDARD_64_BIT)";
				CLANG_ENABLE_OBJC_ARC = YES;
				COPY_PHASE_STRIP = NO;
				GCC_C_LANGUAGE_STANDARD = gnu99;
				GCC_DYNAMIC_NO_PIC = NO;
				GCC_ENABLE_OBJC_EXCEPTIONS = YES;
				GCC_OPTIMIZATION_LEVEL = 0;
				GCC_PREPROCESSOR_DEFINITIONS = (
					"DEBUG=1",
					"$(inherited)",
				);
				GCC_SYMBOLS_PRIVATE_EXTERN = NO;
				GCC_VERSION = com.apple.compilers.llvm.clang.1_0;
				GCC_WARN_64_TO_32_BIT_CONVERSION = YES;
				GCC_WARN_ABOUT_RETURN_TYPE = YES;
				GCC_WARN_UNINITIALIZED_AUTOS = YES;
				GCC_WARN_UNUSED_VARIABLE = YES;
				MACOSX_DEPLOYMENT_TARGET = 10.7;
				ONLY_ACTIVE_ARCH = YES;
				SDKROOT = macosx;
			};
			name = Debug;
		};
		73D274BB150E05DA004D27F4 /* Release */ = {
			isa = XCBuildConfiguration;
			buildSettings = {
				ALWAYS_SEARCH_USER_PATHS = NO;
				ARCHS = "$(ARCHS_STANDARD_64_BIT)";
				CLANG_ENABLE_OBJC_ARC = YES;
				COPY_PHASE_STRIP = YES;
				DEBUG_INFORMATION_FORMAT = "dwarf-with-dsym";
				GCC_C_LANGUAGE_STANDARD = gnu99;
				GCC_ENABLE_OBJC_EXCEPTIONS = YES;
				GCC_VERSION = com.apple.compilers.llvm.clang.1_0;
				GCC_WARN_64_TO_32_BIT_CONVERSION = YES;
				GCC_WARN_ABOUT_RETURN_TYPE = YES;
				GCC_WARN_UNINITIALIZED_AUTOS = YES;
				GCC_WARN_UNUSED_VARIABLE = YES;
				MACOSX_DEPLOYMENT_TARGET = 10.7;
				SDKROOT = macosx;
			};
			name = Release;
		};
		73D274BD150E05DA004D27F4 /* Debug */ = {
			isa = XCBuildConfiguration;
			buildSettings = {
				GCC_PRECOMPILE_PREFIX_HEADER = YES;
				GCC_PREFIX_HEADER = "appledoc/appledoc-Prefix.pch";
				PRODUCT_NAME = "$(TARGET_NAME)";
			};
			name = Debug;
		};
		73D274BE150E05DA004D27F4 /* Release */ = {
			isa = XCBuildConfiguration;
			buildSettings = {
				GCC_PRECOMPILE_PREFIX_HEADER = YES;
				GCC_PREFIX_HEADER = "appledoc/appledoc-Prefix.pch";
				PRODUCT_NAME = "$(TARGET_NAME)";
			};
			name = Release;
		};
/* End XCBuildConfiguration section */

/* Begin XCConfigurationList section */
		7317FAAF150F51FE00B39CFD /* Build configuration list for PBXNativeTarget "AppledocTests" */ = {
			isa = XCConfigurationList;
			buildConfigurations = (
				7317FAAD150F51FE00B39CFD /* Debug */,
				7317FAAE150F51FE00B39CFD /* Release */,
			);
			defaultConfigurationIsVisible = 0;
			defaultConfigurationName = Release;
		};
		73D274A7150E05DA004D27F4 /* Build configuration list for PBXProject "appledoc" */ = {
			isa = XCConfigurationList;
			buildConfigurations = (
				73D274BA150E05DA004D27F4 /* Debug */,
				73D274BB150E05DA004D27F4 /* Release */,
			);
			defaultConfigurationIsVisible = 0;
			defaultConfigurationName = Release;
		};
		73D274BC150E05DA004D27F4 /* Build configuration list for PBXNativeTarget "appledoc" */ = {
			isa = XCConfigurationList;
			buildConfigurations = (
				73D274BD150E05DA004D27F4 /* Debug */,
				73D274BE150E05DA004D27F4 /* Release */,
			);
			defaultConfigurationIsVisible = 0;
			defaultConfigurationName = Release;
		};
/* End XCConfigurationList section */
	};
	rootObject = 73D274A4150E05DA004D27F4 /* Project object */;
}
