// !$*UTF8*$!
{
	archiveVersion = 1;
	classes = {
	};
	objectVersion = 46;
	objects = {

/* Begin PBXBuildFile section */
		73D54C6211F8CE6D00CCDDB0 /* appledoc.m in Sources */ = {isa = PBXBuildFile; fileRef = 73D54C6111F8CE6D00CCDDB0 /* appledoc.m */; };
		73D54C9E11F8D22B00CCDDB0 /* DDConsoleLogger.m in Sources */ = {isa = PBXBuildFile; fileRef = 73D54C9911F8D22B00CCDDB0 /* DDConsoleLogger.m */; };
		73D54C9F11F8D22B00CCDDB0 /* DDFileLogger.m in Sources */ = {isa = PBXBuildFile; fileRef = 73D54C9B11F8D22B00CCDDB0 /* DDFileLogger.m */; };
		73D54CA011F8D22B00CCDDB0 /* DDLog.m in Sources */ = {isa = PBXBuildFile; fileRef = 73D54C9D11F8D22B00CCDDB0 /* DDLog.m */; };
		73D54CA911F8D27F00CCDDB0 /* GBLog.m in Sources */ = {isa = PBXBuildFile; fileRef = 73D54CA811F8D27F00CCDDB0 /* GBLog.m */; };
		8DD76F9C0486AA7600D96B5E /* Foundation.framework in Frameworks */ = {isa = PBXBuildFile; fileRef = 08FB779EFE84155DC02AAC07 /* Foundation.framework */; };
/* End PBXBuildFile section */

/* Begin PBXFileReference section */
		08FB779EFE84155DC02AAC07 /* Foundation.framework */ = {isa = PBXFileReference; lastKnownFileType = wrapper.framework; name = Foundation.framework; path = /System/Library/Frameworks/Foundation.framework; sourceTree = "<absolute>"; };
		73D54C6111F8CE6D00CCDDB0 /* appledoc.m */ = {isa = PBXFileReference; fileEncoding = 4; lastKnownFileType = sourcecode.c.objc; path = appledoc.m; sourceTree = "<group>"; };
		73D54C6911F8CEEF00CCDDB0 /* appledoc_prefix.pch */ = {isa = PBXFileReference; fileEncoding = 4; lastKnownFileType = sourcecode.c.h; path = appledoc_prefix.pch; sourceTree = "<group>"; };
		73D54C9811F8D22B00CCDDB0 /* DDConsoleLogger.h */ = {isa = PBXFileReference; fileEncoding = 4; lastKnownFileType = sourcecode.c.h; path = DDConsoleLogger.h; sourceTree = "<group>"; };
		73D54C9911F8D22B00CCDDB0 /* DDConsoleLogger.m */ = {isa = PBXFileReference; fileEncoding = 4; lastKnownFileType = sourcecode.c.objc; path = DDConsoleLogger.m; sourceTree = "<group>"; };
		73D54C9A11F8D22B00CCDDB0 /* DDFileLogger.h */ = {isa = PBXFileReference; fileEncoding = 4; lastKnownFileType = sourcecode.c.h; path = DDFileLogger.h; sourceTree = "<group>"; };
		73D54C9B11F8D22B00CCDDB0 /* DDFileLogger.m */ = {isa = PBXFileReference; fileEncoding = 4; lastKnownFileType = sourcecode.c.objc; path = DDFileLogger.m; sourceTree = "<group>"; };
		73D54C9C11F8D22B00CCDDB0 /* DDLog.h */ = {isa = PBXFileReference; fileEncoding = 4; lastKnownFileType = sourcecode.c.h; path = DDLog.h; sourceTree = "<group>"; };
		73D54C9D11F8D22B00CCDDB0 /* DDLog.m */ = {isa = PBXFileReference; fileEncoding = 4; lastKnownFileType = sourcecode.c.objc; path = DDLog.m; sourceTree = "<group>"; };
		73D54CA711F8D27F00CCDDB0 /* GBLog.h */ = {isa = PBXFileReference; fileEncoding = 4; lastKnownFileType = sourcecode.c.h; path = GBLog.h; sourceTree = "<group>"; };
		73D54CA811F8D27F00CCDDB0 /* GBLog.m */ = {isa = PBXFileReference; fileEncoding = 4; lastKnownFileType = sourcecode.c.objc; path = GBLog.m; sourceTree = "<group>"; };
		8DD76FA10486AA7600D96B5E /* appledoc */ = {isa = PBXFileReference; explicitFileType = "compiled.mach-o.executable"; includeInIndex = 0; path = appledoc; sourceTree = BUILT_PRODUCTS_DIR; };
/* End PBXFileReference section */

/* Begin PBXFrameworksBuildPhase section */
		8DD76F9B0486AA7600D96B5E /* Frameworks */ = {
			isa = PBXFrameworksBuildPhase;
			buildActionMask = 2147483647;
			files = (
				8DD76F9C0486AA7600D96B5E /* Foundation.framework in Frameworks */,
			);
			runOnlyForDeploymentPostprocessing = 0;
		};
/* End PBXFrameworksBuildPhase section */

/* Begin PBXGroup section */
		08FB7794FE84155DC02AAC07 /* appledoc */ = {
			isa = PBXGroup;
			children = (
				73D54C9011F8D18300CCDDB0 /* Classes */,
				73D54BDF11F8CE2300CCDDB0 /* Startup */,
				08FB779DFE84155DC02AAC07 /* External Frameworks and Libraries */,
				1AB674ADFE9D54B511CA2CBB /* Products */,
			);
			name = appledoc;
			sourceTree = "<group>";
		};
		08FB779DFE84155DC02AAC07 /* External Frameworks and Libraries */ = {
			isa = PBXGroup;
			children = (
				08FB779EFE84155DC02AAC07 /* Foundation.framework */,
			);
			name = "External Frameworks and Libraries";
			sourceTree = "<group>";
		};
		1AB674ADFE9D54B511CA2CBB /* Products */ = {
			isa = PBXGroup;
			children = (
				8DD76FA10486AA7600D96B5E /* appledoc */,
			);
			name = Products;
			sourceTree = "<group>";
		};
		73D54BDF11F8CE2300CCDDB0 /* Startup */ = {
			isa = PBXGroup;
			children = (
				73D54C6111F8CE6D00CCDDB0 /* appledoc.m */,
				73D54C6911F8CEEF00CCDDB0 /* appledoc_prefix.pch */,
			);
			name = Startup;
			sourceTree = "<group>";
		};
		73D54C9011F8D18300CCDDB0 /* Classes */ = {
			isa = PBXGroup;
			children = (
				73D54C9411F8D1CC00CCDDB0 /* Common */,
			);
			name = Classes;
			sourceTree = "<group>";
		};
		73D54C9411F8D1CC00CCDDB0 /* Common */ = {
			isa = PBXGroup;
			children = (
				73D54CA711F8D27F00CCDDB0 /* GBLog.h */,
				73D54CA811F8D27F00CCDDB0 /* GBLog.m */,
				73D54C9511F8D1F500CCDDB0 /* ThirdParty */,
			);
			path = Common;
			sourceTree = "<group>";
		};
		73D54C9511F8D1F500CCDDB0 /* ThirdParty */ = {
			isa = PBXGroup;
			children = (
				73D54C9611F8D21000CCDDB0 /* DDLog */,
			);
			path = ThirdParty;
			sourceTree = "<group>";
		};
		73D54C9611F8D21000CCDDB0 /* DDLog */ = {
			isa = PBXGroup;
			children = (
				73D54C9811F8D22B00CCDDB0 /* DDConsoleLogger.h */,
				73D54C9911F8D22B00CCDDB0 /* DDConsoleLogger.m */,
				73D54C9A11F8D22B00CCDDB0 /* DDFileLogger.h */,
				73D54C9B11F8D22B00CCDDB0 /* DDFileLogger.m */,
				73D54C9C11F8D22B00CCDDB0 /* DDLog.h */,
				73D54C9D11F8D22B00CCDDB0 /* DDLog.m */,
			);
			path = DDLog;
			sourceTree = "<group>";
		};
/* End PBXGroup section */

/* Begin PBXNativeTarget section */
		8DD76F960486AA7600D96B5E /* appledoc */ = {
			isa = PBXNativeTarget;
			buildConfigurationList = 1DEB927408733DD40010E9CD /* Build configuration list for PBXNativeTarget "appledoc" */;
			buildPhases = (
				8DD76F990486AA7600D96B5E /* Sources */,
				8DD76F9B0486AA7600D96B5E /* Frameworks */,
			);
			buildRules = (
			);
			dependencies = (
			);
			name = appledoc;
			productInstallPath = "$(HOME)/bin";
			productName = appledoc;
			productReference = 8DD76FA10486AA7600D96B5E /* appledoc */;
			productType = "com.apple.product-type.tool";
		};
/* End PBXNativeTarget section */

/* Begin PBXProject section */
		08FB7793FE84155DC02AAC07 /* Project object */ = {
			isa = PBXProject;
			attributes = {
				ORGANIZATIONNAME = "Gentle Bytes";
			};
			buildConfigurationList = 1DEB927808733DD40010E9CD /* Build configuration list for PBXProject "appledoc" */;
			compatibilityVersion = "Xcode 3.2";
			hasScannedForEncodings = 1;
			mainGroup = 08FB7794FE84155DC02AAC07 /* appledoc */;
			projectDirPath = "";
			projectRoot = "";
			targets = (
				8DD76F960486AA7600D96B5E /* appledoc */,
			);
		};
/* End PBXProject section */

/* Begin PBXSourcesBuildPhase section */
		8DD76F990486AA7600D96B5E /* Sources */ = {
			isa = PBXSourcesBuildPhase;
			buildActionMask = 2147483647;
			files = (
				73D54C6211F8CE6D00CCDDB0 /* appledoc.m in Sources */,
				73D54C9E11F8D22B00CCDDB0 /* DDConsoleLogger.m in Sources */,
				73D54C9F11F8D22B00CCDDB0 /* DDFileLogger.m in Sources */,
				73D54CA011F8D22B00CCDDB0 /* DDLog.m in Sources */,
				73D54CA911F8D27F00CCDDB0 /* GBLog.m in Sources */,
			);
			runOnlyForDeploymentPostprocessing = 0;
		};
/* End PBXSourcesBuildPhase section */

/* Begin XCBuildConfiguration section */
		1DEB927508733DD40010E9CD /* Debug */ = {
			isa = XCBuildConfiguration;
			buildSettings = {
				ALWAYS_SEARCH_USER_PATHS = NO;
				COPY_PHASE_STRIP = NO;
				GCC_DYNAMIC_NO_PIC = NO;
				GCC_ENABLE_FIX_AND_CONTINUE = YES;
				GCC_MODEL_TUNING = G5;
				GCC_OPTIMIZATION_LEVEL = 0;
				GCC_PRECOMPILE_PREFIX_HEADER = YES;
				GCC_PREFIX_HEADER = appledoc_prefix.pch;
				INSTALL_PATH = /usr/local/bin;
				PRODUCT_NAME = appledoc;
			};
			name = Debug;
		};
		1DEB927608733DD40010E9CD /* Release */ = {
			isa = XCBuildConfiguration;
			buildSettings = {
				ALWAYS_SEARCH_USER_PATHS = NO;
				DEBUG_INFORMATION_FORMAT = "dwarf-with-dsym";
				GCC_MODEL_TUNING = G5;
				GCC_PRECOMPILE_PREFIX_HEADER = YES;
				GCC_PREFIX_HEADER = appledoc_prefix.pch;
				INSTALL_PATH = /usr/local/bin;
				PRODUCT_NAME = appledoc;
			};
			name = Release;
		};
		1DEB927908733DD40010E9CD /* Debug */ = {
			isa = XCBuildConfiguration;
			buildSettings = {
				ARCHS = "$(ARCHS_STANDARD_64_BIT)";
				GCC_C_LANGUAGE_STANDARD = c99;
				GCC_ENABLE_OBJC_GC = required;
				GCC_OPTIMIZATION_LEVEL = 0;
				GCC_PREFIX_HEADER = "";
				GCC_VERSION = com.apple.compilers.llvm.clang.1_0;
				GCC_WARN_ABOUT_RETURN_TYPE = YES;
				GCC_WARN_UNUSED_VARIABLE = YES;
				ONLY_ACTIVE_ARCH = YES;
				PREBINDING = NO;
				RUN_CLANG_STATIC_ANALYZER = YES;
				SDKROOT = macosx10.6;
			};
			name = Debug;
		};
		1DEB927A08733DD40010E9CD /* Release */ = {
			isa = XCBuildConfiguration;
			buildSettings = {
				ARCHS = "$(ARCHS_STANDARD_64_BIT)";
				GCC_C_LANGUAGE_STANDARD = c99;
				GCC_ENABLE_OBJC_GC = required;
				GCC_VERSION = com.apple.compilers.llvm.clang.1_0;
				GCC_WARN_ABOUT_RETURN_TYPE = YES;
				GCC_WARN_UNUSED_VARIABLE = YES;
				PREBINDING = NO;
				RUN_CLANG_STATIC_ANALYZER = YES;
				SDKROOT = macosx10.6;
			};
			name = Release;
		};
/* End XCBuildConfiguration section */

/* Begin XCConfigurationList section */
		1DEB927408733DD40010E9CD /* Build configuration list for PBXNativeTarget "appledoc" */ = {
			isa = XCConfigurationList;
			buildConfigurations = (
				1DEB927508733DD40010E9CD /* Debug */,
				1DEB927608733DD40010E9CD /* Release */,
			);
			defaultConfigurationIsVisible = 0;
			defaultConfigurationName = Release;
		};
		1DEB927808733DD40010E9CD /* Build configuration list for PBXProject "appledoc" */ = {
			isa = XCConfigurationList;
			buildConfigurations = (
				1DEB927908733DD40010E9CD /* Debug */,
				1DEB927A08733DD40010E9CD /* Release */,
			);
			defaultConfigurationIsVisible = 0;
			defaultConfigurationName = Release;
		};
/* End XCConfigurationList section */
	};
	rootObject = 08FB7793FE84155DC02AAC07 /* Project object */;
}
